{
  "nodes": {
    "nixpkgs": {
      "locked": {
        "lastModified": 1733554684,
        "narHash": "sha256-2rpJWVj5sJY+GbyBFVBqL8SaypxUUlsp4Mp/X1MpnFA=",
        "owner": "NixOS",
        "repo": "nixpkgs",
        "rev": "76dc2369b3e62ceb694568698d57519c4bf02133",
        "type": "github"
      },
      "original": {
        "id": "nixpkgs",
        "type": "indirect"
      }
    },
    "root": {
      "inputs": {
        "nixpkgs": "nixpkgs"
      }
    }
  },
  "root": "root",
  "version": 7
}
