{
  "nodes": {
    "nixpkgs": {
      "locked": {
        "lastModified": 1719399111,
        "narHash": "sha256-3gjIvmaijhXNgYpRWTK9QtlkWlYXhESmuqbA8Id6gJg=",
        "owner": "NixOS",
        "repo": "nixpkgs",
        "rev": "413dcbc7362ddbd06a7d3f13a55c79d56f040e82",
        "type": "github"
      },
      "original": {
        "id": "nixpkgs",
        "type": "indirect"
      }
    },
    "root": {
      "inputs": {
        "nixpkgs": "nixpkgs"
      }
    }
  },
  "root": "root",
  "version": 7
}
